Microsoft Visual Studio Solution File, Format Version 12.00
# Visual Studio 15
VisualStudioVersion = 15.0.26430.15
MinimumVisualStudioVersion = 10.0.40219.1
Project("{8BC9CEB8-8B4A-11D0-8D11-00A0C91BC942}") = "ncl", "ncl\ncl.vcxproj", "{D984EAB8-9C35-45F0-BB6D-A59A03781171}"
EndProject
Project("{8BC9CEB8-8B4A-11D0-8D11-00A0C91BC942}") = "basiccmdline", "basiccmdline\basiccmdline.vcxproj", "{A3C56DF9-D2E4-4151-92FF-EE122654FAD8}"
EndProject
Project("{8BC9CEB8-8B4A-11D0-8D11-00A0C91BC942}") = "ncltest", "ncltest\ncltest.vcxproj", "{2C66A994-94F3-4E43-A475-B679F6D4D47A}"
EndProject
Project("{8BC9CEB8-8B4A-11D0-8D11-00A0C91BC942}") = "normalizer", "normalizer\normalizer.vcxproj", "{E57161BE-892C-413E-B0E9-7C9D743F34E3}"
EndProject
Global
	GlobalSection(SolutionConfigurationPlatforms) = preSolution
		Debug|x86 = Debug|x86
		Release|x86 = Release|x86
	EndGlobalSection
	GlobalSection(ProjectConfigurationPlatforms) = postSolution
		{D984EAB8-9C35-45F0-BB6D-A59A03781171}.Debug|x86.ActiveCfg = Debug|Win32
		{D984EAB8-9C35-45F0-BB6D-A59A03781171}.Debug|x86.Build.0 = Debug|Win32
		{D984EAB8-9C35-45F0-BB6D-A59A03781171}.Release|x86.ActiveCfg = Release|Win32
		{D984EAB8-9C35-45F0-BB6D-A59A03781171}.Release|x86.Build.0 = Release|Win32
		{A3C56DF9-D2E4-4151-92FF-EE122654FAD8}.Debug|x86.ActiveCfg = Debug|Win32
		{A3C56DF9-D2E4-4151-92FF-EE122654FAD8}.Debug|x86.Build.0 = Debug|Win32
		{A3C56DF9-D2E4-4151-92FF-EE122654FAD8}.Release|x86.ActiveCfg = Release|Win32
		{A3C56DF9-D2E4-4151-92FF-EE122654FAD8}.Release|x86.Build.0 = Release|Win32
		{2C66A994-94F3-4E43-A475-B679F6D4D47A}.Debug|x86.ActiveCfg = Debug|Win32
		{2C66A994-94F3-4E43-A475-B679F6D4D47A}.Debug|x86.Build.0 = Debug|Win32
		{2C66A994-94F3-4E43-A475-B679F6D4D47A}.Release|x86.ActiveCfg = Release|Win32
		{2C66A994-94F3-4E43-A475-B679F6D4D47A}.Release|x86.Build.0 = Release|Win32
		{E57161BE-892C-413E-B0E9-7C9D743F34E3}.Debug|x86.ActiveCfg = Debug|Win32
		{E57161BE-892C-413E-B0E9-7C9D743F34E3}.Debug|x86.Build.0 = Debug|Win32
		{E57161BE-892C-413E-B0E9-7C9D743F34E3}.Release|x86.ActiveCfg = Release|Win32
		{E57161BE-892C-413E-B0E9-7C9D743F34E3}.Release|x86.Build.0 = Release|Win32
	EndGlobalSection
	GlobalSection(SolutionProperties) = preSolution
		HideSolutionNode = FALSE
	EndGlobalSection
EndGlobal
